
Microsoft Visual Studio Solution File, Format Version 12.00
# Visual Studio Version 17
VisualStudioVersion = 17.14.36930.0 d17.14
MinimumVisualStudioVersion = 10.0.40219.1
Project("{8BC9CEB8-8B4A-11D0-8D11-00A0C91BC942}") = "protected_example", "protected_example.vcxproj", "{370DE228-6F39-4394-8AAD-0A8426EA8C64}"
EndProject
Global
	GlobalSection(SolutionConfigurationPlatforms) = preSolution
		Debug|x64 = Debug|x64
		Debug|x86 = Debug|x86
		Release|x64 = Release|x64
		Release|x86 = Release|x86
	EndGlobalSection
	GlobalSection(ProjectConfigurationPlatforms) = postSolution
		{370DE228-6F39-4394-8AAD-0A8426EA8C64}.Debug|x64.ActiveCfg = Debug|x64
		{370DE228-6F39-4394-8AAD-0A8426EA8C64}.Debug|x64.Build.0 = Debug|x64
		{370DE228-6F39-4394-8AAD-0A8426EA8C64}.Debug|x86.ActiveCfg = Debug|Win32
		{370DE228-6F39-4394-8AAD-0A8426EA8C64}.Debug|x86.Build.0 = Debug|Win32
		{370DE228-6F39-4394-8AAD-0A8426EA8C64}.Release|x64.ActiveCfg = Release|x64
		{370DE228-6F39-4394-8AAD-0A8426EA8C64}.Release|x64.Build.0 = Release|x64
		{370DE228-6F39-4394-8AAD-0A8426EA8C64}.Release|x86.ActiveCfg = Release|Win32
		{370DE228-6F39-4394-8AAD-0A8426EA8C64}.Release|x86.Build.0 = Release|Win32
	EndGlobalSection
	GlobalSection(SolutionProperties) = preSolution
		HideSolutionNode = FALSE
	EndGlobalSection
	GlobalSection(ExtensibilityGlobals) = postSolution
		SolutionGuid = {074097F6-61F9-4230-A4DC-FA70B7FAAD47}
	EndGlobalSection
EndGlobal
